
Microsoft Visual Studio Solution File, Format Version 12.00
Project("{FAE04EC0-301F-11D3-BF4B-00C04F79EFBC}") = "WebApp", "WebApp\WebApp.csproj", "{9CD39A96-20DF-424B-A3E4-FE1BDF8E9F88}"
EndProject
Project("{2150E333-8FDC-42A3-9474-1A3956D46DE8}") = "!SolutionItems", "!SolutionItems", "{15857D70-9267-4DDF-963B-CACE0560ED95}"
	ProjectSection(SolutionItems) = preProject
		..\README.md = ..\README.md
		..\.gitignore = ..\.gitignore
		..\Directory.Build.props = ..\Directory.Build.props
	EndProjectSection
EndProject
Project("{FAE04EC0-301F-11D3-BF4B-00C04F79EFBC}") = "App.Domain", "App.Domain\App.Domain.csproj", "{6FCF7586-765C-485E-9DAE-631912B44257}"
EndProject
Project("{FAE04EC0-301F-11D3-BF4B-00C04F79EFBC}") = "App.DAL.EF", "App.DAL.EF\App.DAL.EF.csproj", "{BCC47DED-6D3F-4ABE-99E9-8A0E15238E47}"
EndProject
Project("{2150E333-8FDC-42A3-9474-1A3956D46DE8}") = "APP", "APP", "{2C072639-3B04-4C3F-9D39-08A91AB57966}"
EndProject
Project("{2150E333-8FDC-42A3-9474-1A3956D46DE8}") = "BASE", "BASE", "{CB595B8B-42D2-4430-8334-8712511F43BA}"
EndProject
Project("{FAE04EC0-301F-11D3-BF4B-00C04F79EFBC}") = "Base.Domain", "Base.Domain\Base.Domain.csproj", "{18F2D9C9-0333-4B31-95B4-298B35690336}"
EndProject
Project("{FAE04EC0-301F-11D3-BF4B-00C04F79EFBC}") = "Base.Resources", "Base.Resources\Base.Resources.csproj", "{9207C5AA-B3E3-4742-8EA1-43D8BE06B0FF}"
EndProject
Project("{FAE04EC0-301F-11D3-BF4B-00C04F79EFBC}") = "App.Resources", "APP\App.Resources\App.Resources.csproj", "{95E9DDBD-B707-46DB-AE84-C2EF99A5D530}"
EndProject
Global
	GlobalSection(SolutionConfigurationPlatforms) = preSolution
		Debug|Any CPU = Debug|Any CPU
		Release|Any CPU = Release|Any CPU
	EndGlobalSection
	GlobalSection(ProjectConfigurationPlatforms) = postSolution
		{9CD39A96-20DF-424B-A3E4-FE1BDF8E9F88}.Debug|Any CPU.ActiveCfg = Debug|Any CPU
		{9CD39A96-20DF-424B-A3E4-FE1BDF8E9F88}.Debug|Any CPU.Build.0 = Debug|Any CPU
		{9CD39A96-20DF-424B-A3E4-FE1BDF8E9F88}.Release|Any CPU.ActiveCfg = Release|Any CPU
		{9CD39A96-20DF-424B-A3E4-FE1BDF8E9F88}.Release|Any CPU.Build.0 = Release|Any CPU
		{6FCF7586-765C-485E-9DAE-631912B44257}.Debug|Any CPU.ActiveCfg = Debug|Any CPU
		{6FCF7586-765C-485E-9DAE-631912B44257}.Debug|Any CPU.Build.0 = Debug|Any CPU
		{6FCF7586-765C-485E-9DAE-631912B44257}.Release|Any CPU.ActiveCfg = Release|Any CPU
		{6FCF7586-765C-485E-9DAE-631912B44257}.Release|Any CPU.Build.0 = Release|Any CPU
		{BCC47DED-6D3F-4ABE-99E9-8A0E15238E47}.Debug|Any CPU.ActiveCfg = Debug|Any CPU
		{BCC47DED-6D3F-4ABE-99E9-8A0E15238E47}.Debug|Any CPU.Build.0 = Debug|Any CPU
		{BCC47DED-6D3F-4ABE-99E9-8A0E15238E47}.Release|Any CPU.ActiveCfg = Release|Any CPU
		{BCC47DED-6D3F-4ABE-99E9-8A0E15238E47}.Release|Any CPU.Build.0 = Release|Any CPU
		{18F2D9C9-0333-4B31-95B4-298B35690336}.Debug|Any CPU.ActiveCfg = Debug|Any CPU
		{18F2D9C9-0333-4B31-95B4-298B35690336}.Debug|Any CPU.Build.0 = Debug|Any CPU
		{18F2D9C9-0333-4B31-95B4-298B35690336}.Release|Any CPU.ActiveCfg = Release|Any CPU
		{18F2D9C9-0333-4B31-95B4-298B35690336}.Release|Any CPU.Build.0 = Release|Any CPU
		{9207C5AA-B3E3-4742-8EA1-43D8BE06B0FF}.Debug|Any CPU.ActiveCfg = Debug|Any CPU
		{9207C5AA-B3E3-4742-8EA1-43D8BE06B0FF}.Debug|Any CPU.Build.0 = Debug|Any CPU
		{9207C5AA-B3E3-4742-8EA1-43D8BE06B0FF}.Release|Any CPU.ActiveCfg = Release|Any CPU
		{9207C5AA-B3E3-4742-8EA1-43D8BE06B0FF}.Release|Any CPU.Build.0 = Release|Any CPU
		{95E9DDBD-B707-46DB-AE84-C2EF99A5D530}.Debug|Any CPU.ActiveCfg = Debug|Any CPU
		{95E9DDBD-B707-46DB-AE84-C2EF99A5D530}.Debug|Any CPU.Build.0 = Debug|Any CPU
		{95E9DDBD-B707-46DB-AE84-C2EF99A5D530}.Release|Any CPU.ActiveCfg = Release|Any CPU
		{95E9DDBD-B707-46DB-AE84-C2EF99A5D530}.Release|Any CPU.Build.0 = Release|Any CPU
	EndGlobalSection
	GlobalSection(NestedProjects) = preSolution
		{18F2D9C9-0333-4B31-95B4-298B35690336} = {CB595B8B-42D2-4430-8334-8712511F43BA}
		{BCC47DED-6D3F-4ABE-99E9-8A0E15238E47} = {2C072639-3B04-4C3F-9D39-08A91AB57966}
		{6FCF7586-765C-485E-9DAE-631912B44257} = {2C072639-3B04-4C3F-9D39-08A91AB57966}
		{9CD39A96-20DF-424B-A3E4-FE1BDF8E9F88} = {2C072639-3B04-4C3F-9D39-08A91AB57966}
		{9207C5AA-B3E3-4742-8EA1-43D8BE06B0FF} = {CB595B8B-42D2-4430-8334-8712511F43BA}
		{95E9DDBD-B707-46DB-AE84-C2EF99A5D530} = {2C072639-3B04-4C3F-9D39-08A91AB57966}
	EndGlobalSection
EndGlobal
